
Microsoft Visual Studio Solution File, Format Version 12.00
# Visual Studio Version 16
VisualStudioVersion = 16.0.30413.136
MinimumVisualStudioVersion = 10.0.40219.1
Project("{FAE04EC0-301F-11D3-BF4B-00C04F79EFBC}") = "NguyenIT.Quiz", "NguyenIT.Quiz\NguyenIT.Quiz.csproj", "{97E114F9-41AA-4DF8-8193-D8EDCE89FE92}"
EndProject
Global
	GlobalSection(SolutionConfigurationPlatforms) = preSolution
		Debug|Any CPU = Debug|Any CPU
		Release|Any CPU = Release|Any CPU
	EndGlobalSection
	GlobalSection(ProjectConfigurationPlatforms) = postSolution
		{97E114F9-41AA-4DF8-8193-D8EDCE89FE92}.Debug|Any CPU.ActiveCfg = Debug|Any CPU
		{97E114F9-41AA-4DF8-8193-D8EDCE89FE92}.Debug|Any CPU.Build.0 = Debug|Any CPU
		{97E114F9-41AA-4DF8-8193-D8EDCE89FE92}.Release|Any CPU.ActiveCfg = Release|Any CPU
		{97E114F9-41AA-4DF8-8193-D8EDCE89FE92}.Release|Any CPU.Build.0 = Release|Any CPU
	EndGlobalSection
	GlobalSection(SolutionProperties) = preSolution
		HideSolutionNode = FALSE
	EndGlobalSection
	GlobalSection(ExtensibilityGlobals) = postSolution
		SolutionGuid = {F3E3EC9F-B644-490E-9DC5-F5D18F32FC05}
	EndGlobalSection
EndGlobal
